
Microsoft Visual Studio Solution File, Format Version 12.00
# Visual Studio 15
VisualStudioVersion = 15.0.27428.2037
MinimumVisualStudioVersion = 10.0.40219.1
Project("{FAE04EC0-301F-11D3-BF4B-00C04F79EFBC}") = "MachineLearningWebApp", "MachineLearningWebApp\MachineLearningWebApp.csproj", "{4E2E6D58-E185-4B65-8D95-8D165AD3E34D}"
EndProject
Global
	GlobalSection(SolutionConfigurationPlatforms) = preSolution
		Debug|Any CPU = Debug|Any CPU
		Release|Any CPU = Release|Any CPU
	EndGlobalSection
	GlobalSection(ProjectConfigurationPlatforms) = postSolution
		{4E2E6D58-E185-4B65-8D95-8D165AD3E34D}.Debug|Any CPU.ActiveCfg = Debug|Any CPU
		{4E2E6D58-E185-4B65-8D95-8D165AD3E34D}.Debug|Any CPU.Build.0 = Debug|Any CPU
		{4E2E6D58-E185-4B65-8D95-8D165AD3E34D}.Release|Any CPU.ActiveCfg = Release|Any CPU
		{4E2E6D58-E185-4B65-8D95-8D165AD3E34D}.Release|Any CPU.Build.0 = Release|Any CPU
	EndGlobalSection
	GlobalSection(SolutionProperties) = preSolution
		HideSolutionNode = FALSE
	EndGlobalSection
	GlobalSection(ExtensibilityGlobals) = postSolution
		SolutionGuid = {032736FE-876A-4ACB-88D7-852C518A1825}
	EndGlobalSection
EndGlobal
